
Microsoft Visual Studio Solution File, Format Version 12.00
# Visual Studio Version 17
VisualStudioVersion = 17.7.34031.279
MinimumVisualStudioVersion = 10.0.40219.1
Project("{FAE04EC0-301F-11D3-BF4B-00C04F79EFBC}") = "Airportmng", "Airportmng\Airportmng.csproj", "{84BB490E-6884-4A66-9419-9564FC4DFAEC}"
EndProject
Global
	GlobalSection(SolutionConfigurationPlatforms) = preSolution
		Debug|Any CPU = Debug|Any CPU
		Release|Any CPU = Release|Any CPU
	EndGlobalSection
	GlobalSection(ProjectConfigurationPlatforms) = postSolution
		{84BB490E-6884-4A66-9419-9564FC4DFAEC}.Debug|Any CPU.ActiveCfg = Debug|Any CPU
		{84BB490E-6884-4A66-9419-9564FC4DFAEC}.Debug|Any CPU.Build.0 = Debug|Any CPU
		{84BB490E-6884-4A66-9419-9564FC4DFAEC}.Release|Any CPU.ActiveCfg = Release|Any CPU
		{84BB490E-6884-4A66-9419-9564FC4DFAEC}.Release|Any CPU.Build.0 = Release|Any CPU
	EndGlobalSection
	GlobalSection(SolutionProperties) = preSolution
		HideSolutionNode = FALSE
	EndGlobalSection
	GlobalSection(ExtensibilityGlobals) = postSolution
		SolutionGuid = {FBC63CA3-2B73-48D5-A6E8-89761DBB70FB}
	EndGlobalSection
EndGlobal
